// !$*UTF8*$!
{
	archiveVersion = 1;
	classes = {
	};
	objectVersion = 56;
	objects = {

/* Begin PBXBuildFile section */
		5D8AA3EE2BB1904900C6EFEE /* AppDelegate.swift in Sources */ = {isa = PBXBuildFile; fileRef = 5D8AA3ED2BB1904900C6EFEE /* AppDelegate.swift */; };
		5D8AA3F02BB1904900C6EFEE /* SceneDelegate.swift in Sources */ = {isa = PBXBuildFile; fileRef = 5D8AA3EF2BB1904900C6EFEE /* SceneDelegate.swift */; };
		5D8AA3F22BB1904900C6EFEE /* ControllerAgreement.swift in Sources */ = {isa = PBXBuildFile; fileRef = 5D8AA3F12BB1904900C6EFEE /* ControllerAgreement.swift */; };
		5D8AA3F72BB1904B00C6EFEE /* Assets.xcassets in Resources */ = {isa = PBXBuildFile; fileRef = 5D8AA3F62BB1904B00C6EFEE /* Assets.xcassets */; };
		5D8AA3FA2BB1904B00C6EFEE /* Base in Resources */ = {isa = PBXBuildFile; fileRef = 5D8AA3F92BB1904B00C6EFEE /* Base */; };
		738CD7AD2BB1FE1D0058062F /* SQLite in Frameworks */ = {isa = PBXBuildFile; productRef = 738CD7AC2BB1FE1D0058062F /* SQLite */; };
		738CD7DA2BB301B70058062F /* ControllerMainScreen.swift in Sources */ = {isa = PBXBuildFile; fileRef = 738CD7D92BB301B70058062F /* ControllerMainScreen.swift */; };
		738CD7DC2BB31E4D0058062F /* ControllerBuildChar.swift in Sources */ = {isa = PBXBuildFile; fileRef = 738CD7DB2BB31E4D0058062F /* ControllerBuildChar.swift */; };
		738CD7E62BB3687B0058062F /* ControllerSettings.swift in Sources */ = {isa = PBXBuildFile; fileRef = 738CD7E52BB3687B0058062F /* ControllerSettings.swift */; };
		738CD7E82BB3700E0058062F /* ControllerAuthors.swift in Sources */ = {isa = PBXBuildFile; fileRef = 738CD7E72BB3700E0058062F /* ControllerAuthors.swift */; };
/* End PBXBuildFile section */

/* Begin PBXFileReference section */
		5D8AA3EA2BB1904900C6EFEE /* App.app */ = {isa = PBXFileReference; explicitFileType = wrapper.application; includeInIndex = 0; path = App.app; sourceTree = BUILT_PRODUCTS_DIR; };
		5D8AA3ED2BB1904900C6EFEE /* AppDelegate.swift */ = {isa = PBXFileReference; lastKnownFileType = sourcecode.swift; path = AppDelegate.swift; sourceTree = "<group>"; };
		5D8AA3EF2BB1904900C6EFEE /* SceneDelegate.swift */ = {isa = PBXFileReference; lastKnownFileType = sourcecode.swift; path = SceneDelegate.swift; sourceTree = "<group>"; };
		5D8AA3F12BB1904900C6EFEE /* ControllerAgreement.swift */ = {isa = PBXFileReference; lastKnownFileType = sourcecode.swift; path = ControllerAgreement.swift; sourceTree = "<group>"; };
		5D8AA3F62BB1904B00C6EFEE /* Assets.xcassets */ = {isa = PBXFileReference; lastKnownFileType = folder.assetcatalog; name = Assets.xcassets; path = /Users/alexandra.gritsaenko/Documents/App/App/Assets.xcassets; sourceTree = "<absolute>"; };
		5D8AA3F92BB1904B00C6EFEE /* Base */ = {isa = PBXFileReference; lastKnownFileType = file.storyboard; name = Base; path = Base.lproj/LaunchScreen.storyboard; sourceTree = "<group>"; };
		5D8AA3FB2BB1904B00C6EFEE /* Info.plist */ = {isa = PBXFileReference; lastKnownFileType = text.plist.xml; path = Info.plist; sourceTree = "<group>"; };
		738CD7D92BB301B70058062F /* ControllerMainScreen.swift */ = {isa = PBXFileReference; lastKnownFileType = sourcecode.swift; path = ControllerMainScreen.swift; sourceTree = "<group>"; };
		738CD7DB2BB31E4D0058062F /* ControllerBuildChar.swift */ = {isa = PBXFileReference; lastKnownFileType = sourcecode.swift; path = ControllerBuildChar.swift; sourceTree = "<group>"; };
		738CD7E52BB3687B0058062F /* ControllerSettings.swift */ = {isa = PBXFileReference; lastKnownFileType = sourcecode.swift; path = ControllerSettings.swift; sourceTree = "<group>"; };
		738CD7E72BB3700E0058062F /* ControllerAuthors.swift */ = {isa = PBXFileReference; lastKnownFileType = sourcecode.swift; path = ControllerAuthors.swift; sourceTree = "<group>"; };
/* End PBXFileReference section */

/* Begin PBXFrameworksBuildPhase section */
		5D8AA3E72BB1904900C6EFEE /* Frameworks */ = {
			isa = PBXFrameworksBuildPhase;
			buildActionMask = 2147483647;
			files = (
				738CD7AD2BB1FE1D0058062F /* SQLite in Frameworks */,
			);
			runOnlyForDeploymentPostprocessing = 0;
		};
/* End PBXFrameworksBuildPhase section */

/* Begin PBXGroup section */
		5D8AA3E12BB1904900C6EFEE = {
			isa = PBXGroup;
			children = (
				5D8AA3EC2BB1904900C6EFEE /* App */,
				5D8AA3EB2BB1904900C6EFEE /* Products */,
			);
			sourceTree = "<group>";
		};
		5D8AA3EB2BB1904900C6EFEE /* Products */ = {
			isa = PBXGroup;
			children = (
				5D8AA3EA2BB1904900C6EFEE /* App.app */,
			);
			name = Products;
			sourceTree = "<group>";
		};
		5D8AA3EC2BB1904900C6EFEE /* App */ = {
			isa = PBXGroup;
			children = (
				5D8AA3ED2BB1904900C6EFEE /* AppDelegate.swift */,
				5D8AA3EF2BB1904900C6EFEE /* SceneDelegate.swift */,
				738CD7B52BB2B5DA0058062F /* Resources */,
				738CD7A82BB1E4AF0058062F /* Screens */,
			);
			path = App;
			sourceTree = "<group>";
		};
		738CD7A82BB1E4AF0058062F /* Screens */ = {
			isa = PBXGroup;
			children = (
				5D8AA3F82BB1904B00C6EFEE /* LaunchScreen.storyboard */,
				5D8AA3F12BB1904900C6EFEE /* ControllerAgreement.swift */,
				738CD7D92BB301B70058062F /* ControllerMainScreen.swift */,
				738CD7DB2BB31E4D0058062F /* ControllerBuildChar.swift */,
				738CD7E52BB3687B0058062F /* ControllerSettings.swift */,
				738CD7E72BB3700E0058062F /* ControllerAuthors.swift */,
			);
			path = Screens;
			sourceTree = "<group>";
		};
		738CD7B52BB2B5DA0058062F /* Resources */ = {
			isa = PBXGroup;
			children = (
				5D8AA3FB2BB1904B00C6EFEE /* Info.plist */,
				5D8AA3F62BB1904B00C6EFEE /* Assets.xcassets */,
			);
			path = Resources;
			sourceTree = "<group>";
		};
/* End PBXGroup section */

/* Begin PBXNativeTarget section */
		5D8AA3E92BB1904900C6EFEE /* App */ = {
			isa = PBXNativeTarget;
			buildConfigurationList = 5D8AA3FE2BB1904B00C6EFEE /* Build configuration list for PBXNativeTarget "App" */;
			buildPhases = (
				5D8AA3E62BB1904900C6EFEE /* Sources */,
				5D8AA3E72BB1904900C6EFEE /* Frameworks */,
				5D8AA3E82BB1904900C6EFEE /* Resources */,
			);
			buildRules = (
			);
			dependencies = (
			);
			name = App;
			packageProductDependencies = (
				738CD7AC2BB1FE1D0058062F /* SQLite */,
			);
			productName = App;
			productReference = 5D8AA3EA2BB1904900C6EFEE /* App.app */;
			productType = "com.apple.product-type.application";
		};
/* End PBXNativeTarget section */

/* Begin PBXProject section */
		5D8AA3E22BB1904900C6EFEE /* Project object */ = {
			isa = PBXProject;
			attributes = {
				BuildIndependentTargetsInParallel = 1;
				LastSwiftUpdateCheck = 1530;
				LastUpgradeCheck = 1530;
				TargetAttributes = {
					5D8AA3E92BB1904900C6EFEE = {
						CreatedOnToolsVersion = 15.3;
					};
				};
			};
			buildConfigurationList = 5D8AA3E52BB1904900C6EFEE /* Build configuration list for PBXProject "App" */;
			compatibilityVersion = "Xcode 14.0";
			developmentRegion = en;
			hasScannedForEncodings = 0;
			knownRegions = (
				en,
				Base,
			);
			mainGroup = 5D8AA3E12BB1904900C6EFEE;
			packageReferences = (
				738CD7AB2BB1FE1D0058062F /* XCRemoteSwiftPackageReference "SQLite.swift" */,
			);
			productRefGroup = 5D8AA3EB2BB1904900C6EFEE /* Products */;
			projectDirPath = "";
			projectRoot = "";
			targets = (
				5D8AA3E92BB1904900C6EFEE /* App */,
			);
		};
/* End PBXProject section */

/* Begin PBXResourcesBuildPhase section */
		5D8AA3E82BB1904900C6EFEE /* Resources */ = {
			isa = PBXResourcesBuildPhase;
			buildActionMask = 2147483647;
			files = (
				5D8AA3F72BB1904B00C6EFEE /* Assets.xcassets in Resources */,
				5D8AA3FA2BB1904B00C6EFEE /* Base in Resources */,
			);
			runOnlyForDeploymentPostprocessing = 0;
		};
/* End PBXResourcesBuildPhase section */

/* Begin PBXSourcesBuildPhase section */
		5D8AA3E62BB1904900C6EFEE /* Sources */ = {
			isa = PBXSourcesBuildPhase;
			buildActionMask = 2147483647;
			files = (
				738CD7E62BB3687B0058062F /* ControllerSettings.swift in Sources */,
				738CD7DC2BB31E4D0058062F /* ControllerBuildChar.swift in Sources */,
				738CD7DA2BB301B70058062F /* ControllerMainScreen.swift in Sources */,
				738CD7E82BB3700E0058062F /* ControllerAuthors.swift in Sources */,
				5D8AA3F22BB1904900C6EFEE /* ControllerAgreement.swift in Sources */,
				5D8AA3EE2BB1904900C6EFEE /* AppDelegate.swift in Sources */,
				5D8AA3F02BB1904900C6EFEE /* SceneDelegate.swift in Sources */,
			);
			runOnlyForDeploymentPostprocessing = 0;
		};
/* End PBXSourcesBuildPhase section */

/* Begin PBXVariantGroup section */
		5D8AA3F82BB1904B00C6EFEE /* LaunchScreen.storyboard */ = {
			isa = PBXVariantGroup;
			children = (
				5D8AA3F92BB1904B00C6EFEE /* Base */,
			);
			name = LaunchScreen.storyboard;
			sourceTree = "<group>";
		};
/* End PBXVariantGroup section */

/* Begin XCBuildConfiguration section */
		5D8AA3FC2BB1904B00C6EFEE /* Debug */ = {
			isa = XCBuildConfiguration;
			buildSettings = {
				ALWAYS_SEARCH_USER_PATHS = NO;
				ASSETCATALOG_COMPILER_GENERATE_SWIFT_ASSET_SYMBOL_EXTENSIONS = YES;
				CLANG_ANALYZER_NONNULL = YES;
				CLANG_ANALYZER_NUMBER_OBJECT_CONVERSION = YES_AGGRESSIVE;
				CLANG_CXX_LANGUAGE_STANDARD = "gnu++20";
				CLANG_ENABLE_MODULES = YES;
				CLANG_ENABLE_OBJC_ARC = YES;
				CLANG_ENABLE_OBJC_WEAK = YES;
				CLANG_WARN_BLOCK_CAPTURE_AUTORELEASING = YES;
				CLANG_WARN_BOOL_CONVERSION = YES;
				CLANG_WARN_COMMA = YES;
				CLANG_WARN_CONSTANT_CONVERSION = YES;
				CLANG_WARN_DEPRECATED_OBJC_IMPLEMENTATIONS = YES;
				CLANG_WARN_DIRECT_OBJC_ISA_USAGE = YES_ERROR;
				CLANG_WARN_DOCUMENTATION_COMMENTS = YES;
				CLANG_WARN_EMPTY_BODY = YES;
				CLANG_WARN_ENUM_CONVERSION = YES;
				CLANG_WARN_INFINITE_RECURSION = YES;
				CLANG_WARN_INT_CONVERSION = YES;
				CLANG_WARN_NON_LITERAL_NULL_CONVERSION = YES;
				CLANG_WARN_OBJC_IMPLICIT_RETAIN_SELF = YES;
				CLANG_WARN_OBJC_LITERAL_CONVERSION = YES;
				CLANG_WARN_OBJC_ROOT_CLASS = YES_ERROR;
				CLANG_WARN_QUOTED_INCLUDE_IN_FRAMEWORK_HEADER = YES;
				CLANG_WARN_RANGE_LOOP_ANALYSIS = YES;
				CLANG_WARN_STRICT_PROTOTYPES = YES;
				CLANG_WARN_SUSPICIOUS_MOVE = YES;
				CLANG_WARN_UNGUARDED_AVAILABILITY = YES_AGGRESSIVE;
				CLANG_WARN_UNREACHABLE_CODE = YES;
				CLANG_WARN__DUPLICATE_METHOD_MATCH = YES;
				COPY_PHASE_STRIP = NO;
				DEBUG_INFORMATION_FORMAT = dwarf;
				ENABLE_STRICT_OBJC_MSGSEND = YES;
				ENABLE_TESTABILITY = YES;
				ENABLE_USER_SCRIPT_SANDBOXING = YES;
				GCC_C_LANGUAGE_STANDARD = gnu17;
				GCC_DYNAMIC_NO_PIC = NO;
				GCC_NO_COMMON_BLOCKS = YES;
				GCC_OPTIMIZATION_LEVEL = 0;
				GCC_PREPROCESSOR_DEFINITIONS = (
					"DEBUG=1",
					"$(inherited)",
				);
				GCC_WARN_64_TO_32_BIT_CONVERSION = YES;
				GCC_WARN_ABOUT_RETURN_TYPE = YES_ERROR;
				GCC_WARN_UNDECLARED_SELECTOR = YES;
				GCC_WARN_UNINITIALIZED_AUTOS = YES_AGGRESSIVE;
				GCC_WARN_UNUSED_FUNCTION = YES;
				GCC_WARN_UNUSED_VARIABLE = YES;
				IPHONEOS_DEPLOYMENT_TARGET = 17.4;
				LOCALIZATION_PREFERS_STRING_CATALOGS = YES;
				MTL_ENABLE_DEBUG_INFO = INCLUDE_SOURCE;
				MTL_FAST_MATH = YES;
				ONLY_ACTIVE_ARCH = YES;
				SDKROOT = iphoneos;
				SWIFT_ACTIVE_COMPILATION_CONDITIONS = "DEBUG $(inherited)";
				SWIFT_OPTIMIZATION_LEVEL = "-Onone";
			};
			name = Debug;
		};
		5D8AA3FD2BB1904B00C6EFEE /* Release */ = {
			isa = XCBuildConfiguration;
			buildSettings = {
				ALWAYS_SEARCH_USER_PATHS = NO;
				ASSETCATALOG_COMPILER_GENERATE_SWIFT_ASSET_SYMBOL_EXTENSIONS = YES;
				CLANG_ANALYZER_NONNULL = YES;
				CLANG_ANALYZER_NUMBER_OBJECT_CONVERSION = YES_AGGRESSIVE;
				CLANG_CXX_LANGUAGE_STANDARD = "gnu++20";
				CLANG_ENABLE_MODULES = YES;
				CLANG_ENABLE_OBJC_ARC = YES;
				CLANG_ENABLE_OBJC_WEAK = YES;
				CLANG_WARN_BLOCK_CAPTURE_AUTORELEASING = YES;
				CLANG_WARN_BOOL_CONVERSION = YES;
				CLANG_WARN_COMMA = YES;
				CLANG_WARN_CONSTANT_CONVERSION = YES;
				CLANG_WARN_DEPRECATED_OBJC_IMPLEMENTATIONS = YES;
				CLANG_WARN_DIRECT_OBJC_ISA_USAGE = YES_ERROR;
				CLANG_WARN_DOCUMENTATION_COMMENTS = YES;
				CLANG_WARN_EMPTY_BODY = YES;
				CLANG_WARN_ENUM_CONVERSION = YES;
				CLANG_WARN_INFINITE_RECURSION = YES;
				CLANG_WARN_INT_CONVERSION = YES;
				CLANG_WARN_NON_LITERAL_NULL_CONVERSION = YES;
				CLANG_WARN_OBJC_IMPLICIT_RETAIN_SELF = YES;
				CLANG_WARN_OBJC_LITERAL_CONVERSION = YES;
				CLANG_WARN_OBJC_ROOT_CLASS = YES_ERROR;
				CLANG_WARN_QUOTED_INCLUDE_IN_FRAMEWORK_HEADER = YES;
				CLANG_WARN_RANGE_LOOP_ANALYSIS = YES;
				CLANG_WARN_STRICT_PROTOTYPES = YES;
				CLANG_WARN_SUSPICIOUS_MOVE = YES;
				CLANG_WARN_UNGUARDED_AVAILABILITY = YES_AGGRESSIVE;
				CLANG_WARN_UNREACHABLE_CODE = YES;
				CLANG_WARN__DUPLICATE_METHOD_MATCH = YES;
				COPY_PHASE_STRIP = NO;
				DEBUG_INFORMATION_FORMAT = "dwarf-with-dsym";
				ENABLE_NS_ASSERTIONS = NO;
				ENABLE_STRICT_OBJC_MSGSEND = YES;
				ENABLE_USER_SCRIPT_SANDBOXING = YES;
				GCC_C_LANGUAGE_STANDARD = gnu17;
				GCC_NO_COMMON_BLOCKS = YES;
				GCC_WARN_64_TO_32_BIT_CONVERSION = YES;
				GCC_WARN_ABOUT_RETURN_TYPE = YES_ERROR;
				GCC_WARN_UNDECLARED_SELECTOR = YES;
				GCC_WARN_UNINITIALIZED_AUTOS = YES_AGGRESSIVE;
				GCC_WARN_UNUSED_FUNCTION = YES;
				GCC_WARN_UNUSED_VARIABLE = YES;
				IPHONEOS_DEPLOYMENT_TARGET = 17.4;
				LOCALIZATION_PREFERS_STRING_CATALOGS = YES;
				MTL_ENABLE_DEBUG_INFO = NO;
				MTL_FAST_MATH = YES;
				SDKROOT = iphoneos;
				SWIFT_COMPILATION_MODE = wholemodule;
				VALIDATE_PRODUCT = YES;
			};
			name = Release;
		};
		5D8AA3FF2BB1904B00C6EFEE /* Debug */ = {
			isa = XCBuildConfiguration;
			buildSettings = {
				ASSETCATALOG_COMPILER_APPICON_NAME = AppIcon;
				ASSETCATALOG_COMPILER_GLOBAL_ACCENT_COLOR_NAME = AccentColor;
				CODE_SIGN_STYLE = Automatic;
				CURRENT_PROJECT_VERSION = 1;
				GENERATE_INFOPLIST_FILE = YES;
				INFOPLIST_FILE = App/Resources/Info.plist;
				INFOPLIST_KEY_LSApplicationCategoryType = "public.app-category.educational-games";
				INFOPLIST_KEY_UIApplicationSupportsIndirectInputEvents = YES;
				INFOPLIST_KEY_UILaunchStoryboardName = LaunchScreen;
				INFOPLIST_KEY_UIMainStoryboardFile = "";
				INFOPLIST_KEY_UISupportedInterfaceOrientations = UIInterfaceOrientationPortrait;
				LD_RUNPATH_SEARCH_PATHS = (
					"$(inherited)",
					"@executable_path/Frameworks",
				);
				MARKETING_VERSION = 1.0;
				PRODUCT_BUNDLE_IDENTIFIER = "-.App";
				PRODUCT_NAME = "$(TARGET_NAME)";
				SWIFT_EMIT_LOC_STRINGS = YES;
				SWIFT_VERSION = 5.0;
				TARGETED_DEVICE_FAMILY = "1,2";
			};
			name = Debug;
		};
		5D8AA4002BB1904B00C6EFEE /* Release */ = {
			isa = XCBuildConfiguration;
			buildSettings = {
				ASSETCATALOG_COMPILER_APPICON_NAME = AppIcon;
				ASSETCATALOG_COMPILER_GLOBAL_ACCENT_COLOR_NAME = AccentColor;
				CODE_SIGN_STYLE = Automatic;
				CURRENT_PROJECT_VERSION = 1;
				GENERATE_INFOPLIST_FILE = YES;
				INFOPLIST_FILE = App/Resources/Info.plist;
				INFOPLIST_KEY_LSApplicationCategoryType = "public.app-category.educational-games";
				INFOPLIST_KEY_UIApplicationSupportsIndirectInputEvents = YES;
				INFOPLIST_KEY_UILaunchStoryboardName = LaunchScreen;
				INFOPLIST_KEY_UIMainStoryboardFile = "";
				INFOPLIST_KEY_UISupportedInterfaceOrientations = UIInterfaceOrientationPortrait;
				LD_RUNPATH_SEARCH_PATHS = (
					"$(inherited)",
					"@executable_path/Frameworks",
				);
				MARKETING_VERSION = 1.0;
				PRODUCT_BUNDLE_IDENTIFIER = "-.App";
				PRODUCT_NAME = "$(TARGET_NAME)";
				SWIFT_EMIT_LOC_STRINGS = YES;
				SWIFT_VERSION = 5.0;
				TARGETED_DEVICE_FAMILY = "1,2";
			};
			name = Release;
		};
/* End XCBuildConfiguration section */

/* Begin XCConfigurationList section */
		5D8AA3E52BB1904900C6EFEE /* Build configuration list for PBXProject "App" */ = {
			isa = XCConfigurationList;
			buildConfigurations = (
				5D8AA3FC2BB1904B00C6EFEE /* Debug */,
				5D8AA3FD2BB1904B00C6EFEE /* Release */,
			);
			defaultConfigurationIsVisible = 0;
			defaultConfigurationName = Release;
		};
		5D8AA3FE2BB1904B00C6EFEE /* Build configuration list for PBXNativeTarget "App" */ = {
			isa = XCConfigurationList;
			buildConfigurations = (
				5D8AA3FF2BB1904B00C6EFEE /* Debug */,
				5D8AA4002BB1904B00C6EFEE /* Release */,
			);
			defaultConfigurationIsVisible = 0;
			defaultConfigurationName = Release;
		};
/* End XCConfigurationList section */

/* Begin XCRemoteSwiftPackageReference section */
		738CD7AB2BB1FE1D0058062F /* XCRemoteSwiftPackageReference "SQLite.swift" */ = {
			isa = XCRemoteSwiftPackageReference;
			repositoryURL = "https://github.com/stephencelis/SQLite.swift.git";
			requirement = {
				kind = upToNextMajorVersion;
				minimumVersion = 0.15.0;
			};
		};
/* End XCRemoteSwiftPackageReference section */

/* Begin XCSwiftPackageProductDependency section */
		738CD7AC2BB1FE1D0058062F /* SQLite */ = {
			isa = XCSwiftPackageProductDependency;
			package = 738CD7AB2BB1FE1D0058062F /* XCRemoteSwiftPackageReference "SQLite.swift" */;
			productName = SQLite;
		};
/* End XCSwiftPackageProductDependency section */
	};
	rootObject = 5D8AA3E22BB1904900C6EFEE /* Project object */;
}
